# This file was autogenerated by Stack.
# You should not edit this file by hand.
# For more information, please see the documentation at:
#   https://docs.haskellstack.org/en/stable/lock_files

packages:
- completed:
    hackage: MissingH-1.4.3.0@sha256:efbbe7065e17bc01ed925593a0c5b5793ab857585a8e9d5015d0025e526ab55c,4702
    pantry-tree:
      size: 5271
      sha256: d3c9916fafe0b11b72c56862a5c578f35c3fdbe6ee203e4adeca9b0706ee1fe3
  original:
    hackage: MissingH-1.4.3.0
- completed:
    hackage: hspec-2.7.10@sha256:c9e82c90086acebac576552a06f3cabd249bba048edd1667c7fae0b1313d5bce,1712
    pantry-tree:
      size: 583
      sha256: c67dad42129f684b8d21deb0d2948d88618a287fe6a7ae235a232959bfe313df
  original:
    hackage: hspec-2.7.10
- completed:
    hackage: random-1.2.1@sha256:8bee24dc0c985a90ee78d94c61f8aed21c49633686f0f1c14c5078d818ee43a2,6598
    pantry-tree:
      size: 1528
      sha256: 8bdc994ce41f43624ab42302a881fe5a0f81d965f5d238841e24943664681a06
  original:
    hackage: random-1.2.1
- completed:
    hackage: array-0.5.4.0@sha256:2b2425e01d592c0e66594c008405ea4c6f6e4d929daeddabbd81be9bb49ebffa,1588
    pantry-tree:
      size: 1135
      sha256: e17dfafde2f226674cffd56b1f445c332b6e5855860f79dedd9de0b6916e7ff0
  original:
    hackage: array-0.5.4.0
snapshots:
- completed:
    size: 586110
    url: https://raw.githubusercontent.com/commercialhaskell/stackage-snapshots/master/lts/18/21.yaml
    sha256: ce4fb8d44f3c6c6032060a02e0ebb1bd29937c9a70101c1517b92a87d9515160
  original:
    url: https://raw.githubusercontent.com/commercialhaskell/stackage-snapshots/master/lts/18/21.yaml
